// !$*UTF8*$!
{
	archiveVersion = 1;
	classes = {
	};
	objectVersion = 45;
	objects = {

/* Begin PBXBuildFile section */
		CF61ED9F115B641D00443233 /* appkey.c in Sources */ = {isa = PBXBuildFile; fileRef = CF61ED99115B641D00443233 /* appkey.c */; };
		CF61EDA0115B641D00443233 /* audio.c in Sources */ = {isa = PBXBuildFile; fileRef = CF61ED9A115B641D00443233 /* audio.c */; };
		CF61EDA1115B641D00443233 /* jukebox.c in Sources */ = {isa = PBXBuildFile; fileRef = CF61ED9C115B641D00443233 /* jukebox.c */; };
		CF61EDA2115B641D00443233 /* openal-audio.c in Sources */ = {isa = PBXBuildFile; fileRef = CF61ED9D115B641D00443233 /* openal-audio.c */; };
		CF61EDA6115B644A00443233 /* libspotify.framework in Frameworks */ = {isa = PBXBuildFile; fileRef = CF61EDA5115B644A00443233 /* libspotify.framework */; };
		CF61EDB0115B647B00443233 /* OpenAL.framework in Frameworks */ = {isa = PBXBuildFile; fileRef = CF61EDAF115B647B00443233 /* OpenAL.framework */; };
/* End PBXBuildFile section */

/* Begin PBXFileReference section */
		8DD76FB20486AB0100D96B5E /* jukebox */ = {isa = PBXFileReference; explicitFileType = "compiled.mach-o.executable"; includeInIndex = 0; path = jukebox; sourceTree = BUILT_PRODUCTS_DIR; };
		CF61ED99115B641D00443233 /* appkey.c */ = {isa = PBXFileReference; fileEncoding = 4; lastKnownFileType = sourcecode.c.c; name = appkey.c; path = ../../appkey.c; sourceTree = SOURCE_ROOT; };
		CF61ED9A115B641D00443233 /* audio.c */ = {isa = PBXFileReference; fileEncoding = 4; lastKnownFileType = sourcecode.c.c; name = audio.c; path = ../audio.c; sourceTree = SOURCE_ROOT; };
		CF61ED9B115B641D00443233 /* audio.h */ = {isa = PBXFileReference; fileEncoding = 4; lastKnownFileType = sourcecode.c.h; name = audio.h; path = ../audio.h; sourceTree = SOURCE_ROOT; };
		CF61ED9C115B641D00443233 /* jukebox.c */ = {isa = PBXFileReference; fileEncoding = 4; lastKnownFileType = sourcecode.c.c; name = jukebox.c; path = ../jukebox.c; sourceTree = SOURCE_ROOT; };
		CF61ED9D115B641D00443233 /* openal-audio.c */ = {isa = PBXFileReference; fileEncoding = 4; lastKnownFileType = sourcecode.c.c; name = "openal-audio.c"; path = "../openal-audio.c"; sourceTree = SOURCE_ROOT; };
		CF61ED9E115B641D00443233 /* queue.h */ = {isa = PBXFileReference; fileEncoding = 4; lastKnownFileType = sourcecode.c.h; name = queue.h; path = ../queue.h; sourceTree = SOURCE_ROOT; };
		CF61EDA5115B644A00443233 /* libspotify.framework */ = {isa = PBXFileReference; lastKnownFileType = wrapper.framework; name = libspotify.framework; path = /Library/Frameworks/libspotify.framework; sourceTree = "<absolute>"; };
		CF61EDAF115B647B00443233 /* OpenAL.framework */ = {isa = PBXFileReference; lastKnownFileType = wrapper.framework; name = OpenAL.framework; path = System/Library/Frameworks/OpenAL.framework; sourceTree = SDKROOT; };
/* End PBXFileReference section */

/* Begin PBXFrameworksBuildPhase section */
		8DD76FAD0486AB0100D96B5E /* Frameworks */ = {
			isa = PBXFrameworksBuildPhase;
			buildActionMask = 2147483647;
			files = (
				CF61EDA6115B644A00443233 /* libspotify.framework in Frameworks */,
				CF61EDB0115B647B00443233 /* OpenAL.framework in Frameworks */,
			);
			runOnlyForDeploymentPostprocessing = 0;
		};
/* End PBXFrameworksBuildPhase section */

/* Begin PBXGroup section */
		08FB7794FE84155DC02AAC07 /* jukebox */ = {
			isa = PBXGroup;
			children = (
				08FB7795FE84155DC02AAC07 /* Source */,
				1AB674ADFE9D54B511CA2CBB /* Products */,
				CF61EDA5115B644A00443233 /* libspotify.framework */,
				CF61EDAF115B647B00443233 /* OpenAL.framework */,
			);
			name = jukebox;
			sourceTree = "<group>";
		};
		08FB7795FE84155DC02AAC07 /* Source */ = {
			isa = PBXGroup;
			children = (
				CF61ED99115B641D00443233 /* appkey.c */,
				CF61ED9A115B641D00443233 /* audio.c */,
				CF61ED9B115B641D00443233 /* audio.h */,
				CF61ED9C115B641D00443233 /* jukebox.c */,
				CF61ED9D115B641D00443233 /* openal-audio.c */,
				CF61ED9E115B641D00443233 /* queue.h */,
			);
			name = Source;
			sourceTree = "<group>";
		};
		1AB674ADFE9D54B511CA2CBB /* Products */ = {
			isa = PBXGroup;
			children = (
				8DD76FB20486AB0100D96B5E /* jukebox */,
			);
			name = Products;
			sourceTree = "<group>";
		};
/* End PBXGroup section */

/* Begin PBXNativeTarget section */
		8DD76FA90486AB0100D96B5E /* jukebox */ = {
			isa = PBXNativeTarget;
			buildConfigurationList = 1DEB928508733DD80010E9CD /* Build configuration list for PBXNativeTarget "jukebox" */;
			buildPhases = (
				057527F21163423F003FFC9D /* ShellScript */,
				8DD76FAB0486AB0100D96B5E /* Sources */,
				8DD76FAD0486AB0100D96B5E /* Frameworks */,
				0575280B11634840003FFC9D /* ShellScript */,
			);
			buildRules = (
			);
			dependencies = (
			);
			name = jukebox;
			productInstallPath = "$(HOME)/bin";
			productName = jukebox;
			productReference = 8DD76FB20486AB0100D96B5E /* jukebox */;
			productType = "com.apple.product-type.tool";
		};
/* End PBXNativeTarget section */

/* Begin PBXProject section */
		08FB7793FE84155DC02AAC07 /* Project object */ = {
			isa = PBXProject;
			buildConfigurationList = 1DEB928908733DD80010E9CD /* Build configuration list for PBXProject "jukebox" */;
			compatibilityVersion = "Xcode 3.1";
			hasScannedForEncodings = 1;
			mainGroup = 08FB7794FE84155DC02AAC07 /* jukebox */;
			projectDirPath = "";
			projectRoot = "";
			targets = (
				8DD76FA90486AB0100D96B5E /* jukebox */,
			);
		};
/* End PBXProject section */

/* Begin PBXShellScriptBuildPhase section */
		057527F21163423F003FFC9D /* ShellScript */ = {
			isa = PBXShellScriptBuildPhase;
			buildActionMask = 2147483647;
			files = (
			);
			inputPaths = (
			);
			outputPaths = (
			);
			runOnlyForDeploymentPostprocessing = 0;
			shellPath = /bin/bash;
			shellScript = "if [ ! -e /Library/Frameworks/libspotify.framework ]; then\n  echo \"You must install libspotify.framework to /Library/Frameworks.\" >&2\n  exit 1\nfi\n\nexit 0";
		};
		0575280B11634840003FFC9D /* ShellScript */ = {
			isa = PBXShellScriptBuildPhase;
			buildActionMask = 2147483647;
			files = (
			);
			inputPaths = (
			);
			outputPaths = (
			);
			runOnlyForDeploymentPostprocessing = 0;
			shellPath = /bin/sh;
			shellScript = "install_name_tool -change @loader_path/../Frameworks/libspotify.framework/libspotify /Library/Frameworks/libspotify.framework/libspotify $CONFIGURATION_BUILD_DIR/$EXECUTABLE_PATH";
			showEnvVarsInLog = 0;
		};
/* End PBXShellScriptBuildPhase section */

/* Begin PBXSourcesBuildPhase section */
		8DD76FAB0486AB0100D96B5E /* Sources */ = {
			isa = PBXSourcesBuildPhase;
			buildActionMask = 2147483647;
			files = (
				CF61ED9F115B641D00443233 /* appkey.c in Sources */,
				CF61EDA0115B641D00443233 /* audio.c in Sources */,
				CF61EDA1115B641D00443233 /* jukebox.c in Sources */,
				CF61EDA2115B641D00443233 /* openal-audio.c in Sources */,
			);
			runOnlyForDeploymentPostprocessing = 0;
		};
/* End PBXSourcesBuildPhase section */

/* Begin XCBuildConfiguration section */
		1DEB928608733DD80010E9CD /* Debug */ = {
			isa = XCBuildConfiguration;
			buildSettings = {
				ALWAYS_SEARCH_USER_PATHS = NO;
				COPY_PHASE_STRIP = NO;
				FRAMEWORK_SEARCH_PATHS = (
					"$(inherited)",
					"\"$(SRCROOT)/../../../..\"",
				);
				GCC_DYNAMIC_NO_PIC = NO;
				GCC_ENABLE_FIX_AND_CONTINUE = YES;
				GCC_MODEL_TUNING = G5;
				GCC_OPTIMIZATION_LEVEL = 0;
				INSTALL_PATH = /usr/local/bin;
				PRODUCT_NAME = jukebox;
			};
			name = Debug;
		};
		1DEB928708733DD80010E9CD /* Release */ = {
			isa = XCBuildConfiguration;
			buildSettings = {
				ALWAYS_SEARCH_USER_PATHS = NO;
				DEBUG_INFORMATION_FORMAT = "dwarf-with-dsym";
				FRAMEWORK_SEARCH_PATHS = (
					"$(inherited)",
					"\"$(SRCROOT)/../../..\"",
				);
				GCC_MODEL_TUNING = G5;
				INSTALL_PATH = /usr/local/bin;
				PRODUCT_NAME = jukebox;
			};
			name = Release;
		};
		1DEB928A08733DD80010E9CD /* Debug */ = {
			isa = XCBuildConfiguration;
			buildSettings = {
				ARCHS = "$(ARCHS_STANDARD_32_64_BIT)";
				GCC_C_LANGUAGE_STANDARD = gnu99;
				GCC_OPTIMIZATION_LEVEL = 0;
				GCC_WARN_ABOUT_RETURN_TYPE = YES;
				GCC_WARN_UNUSED_VARIABLE = YES;
				ONLY_ACTIVE_ARCH = YES;
				PREBINDING = NO;
				SDKROOT = macosx10.6;
			};
			name = Debug;
		};
		1DEB928B08733DD80010E9CD /* Release */ = {
			isa = XCBuildConfiguration;
			buildSettings = {
				ARCHS = "$(ARCHS_STANDARD_32_64_BIT)";
				GCC_C_LANGUAGE_STANDARD = gnu99;
				GCC_WARN_ABOUT_RETURN_TYPE = YES;
				GCC_WARN_UNUSED_VARIABLE = YES;
				PREBINDING = NO;
				SDKROOT = macosx10.6;
			};
			name = Release;
		};
/* End XCBuildConfiguration section */

/* Begin XCConfigurationList section */
		1DEB928508733DD80010E9CD /* Build configuration list for PBXNativeTarget "jukebox" */ = {
			isa = XCConfigurationList;
			buildConfigurations = (
				1DEB928608733DD80010E9CD /* Debug */,
				1DEB928708733DD80010E9CD /* Release */,
			);
			defaultConfigurationIsVisible = 0;
			defaultConfigurationName = Release;
		};
		1DEB928908733DD80010E9CD /* Build configuration list for PBXProject "jukebox" */ = {
			isa = XCConfigurationList;
			buildConfigurations = (
				1DEB928A08733DD80010E9CD /* Debug */,
				1DEB928B08733DD80010E9CD /* Release */,
			);
			defaultConfigurationIsVisible = 0;
			defaultConfigurationName = Release;
		};
/* End XCConfigurationList section */
	};
	rootObject = 08FB7793FE84155DC02AAC07 /* Project object */;
}
